{
  "name": "ci",
  "version": "1.0.0",
  "lockfileVersion": 3,
  "requires": true,
  "packages": {
    "": {
      "name": "ci",
      "version": "1.0.0",
      "dependencies": {
        "git-config": "^0.0.7"
      }
    },
    "node_modules/git-config": {
      "version": "0.0.7",
      "resolved": "https://registry.npmjs.org/git-config/-/git-config-0.0.7.tgz",
      "integrity": "sha512-LidZlYZXWzVjS+M3TEwhtYBaYwLeOZrXci1tBgqp/vDdZTBMl02atvwb6G35L64ibscYoPnxfbwwUS+VZAISLA==",
      "license": "BSD-3-Clause",
      "dependencies": {
        "iniparser": "~1.0.5"
      }
    },
    "node_modules/iniparser": {
      "version": "1.0.5",
      "resolved": "https://registry.npmjs.org/iniparser/-/iniparser-1.0.5.tgz",
      "integrity": "sha512-i40MWqgTU6h/70NtMsDVVDLjDYWwcIR1yIEVDPfxZIJno9z9L4s83p/V7vAu2i48Vj0gpByrkGFub7ko9XvPrw==",
      "engines": {
        "node": "*"
      }
    }
  }
}
